
Microsoft Visual Studio Solution File, Format Version 12.00
# Visual Studio 15
Project("{FAE04EC0-301F-11D3-BF4B-00C04F79EFBC}") = "Assembly-CSharp", "Assembly-CSharp.csproj", "{3C7CCEE2-1DF5-BD45-12CA-8EB63FD66649}"
EndProject
Project("{FAE04EC0-301F-11D3-BF4B-00C04F79EFBC}") = "Assembly-CSharp-firstpass", "Assembly-CSharp-firstpass.csproj", "{429FD81A-B48D-CC4A-8B32-03E0E528E659}"
EndProject
Project("{FAE04EC0-301F-11D3-BF4B-00C04F79EFBC}") = "NavMeshComponentsEditor", "NavMeshComponentsEditor.csproj", "{014E80D7-9DD1-7D2F-A04F-7A6EE3CB8E06}"
EndProject
Project("{FAE04EC0-301F-11D3-BF4B-00C04F79EFBC}") = "NavMeshComponents", "NavMeshComponents.csproj", "{EEB6CEA2-D893-759D-9246-EB0C93C022D9}"
EndProject
Global
	GlobalSection(SolutionConfigurationPlatforms) = preSolution
		Debug|Any CPU = Debug|Any CPU
		Release|Any CPU = Release|Any CPU
	EndGlobalSection
	GlobalSection(ProjectConfigurationPlatforms) = postSolution
		{3C7CCEE2-1DF5-BD45-12CA-8EB63FD66649}.Debug|Any CPU.ActiveCfg = Debug|Any CPU
		{3C7CCEE2-1DF5-BD45-12CA-8EB63FD66649}.Debug|Any CPU.Build.0 = Debug|Any CPU
		{3C7CCEE2-1DF5-BD45-12CA-8EB63FD66649}.Release|Any CPU.ActiveCfg = Release|Any CPU
		{3C7CCEE2-1DF5-BD45-12CA-8EB63FD66649}.Release|Any CPU.Build.0 = Release|Any CPU
		{429FD81A-B48D-CC4A-8B32-03E0E528E659}.Debug|Any CPU.ActiveCfg = Debug|Any CPU
		{429FD81A-B48D-CC4A-8B32-03E0E528E659}.Debug|Any CPU.Build.0 = Debug|Any CPU
		{429FD81A-B48D-CC4A-8B32-03E0E528E659}.Release|Any CPU.ActiveCfg = Release|Any CPU
		{429FD81A-B48D-CC4A-8B32-03E0E528E659}.Release|Any CPU.Build.0 = Release|Any CPU
		{014E80D7-9DD1-7D2F-A04F-7A6EE3CB8E06}.Debug|Any CPU.ActiveCfg = Debug|Any CPU
		{014E80D7-9DD1-7D2F-A04F-7A6EE3CB8E06}.Debug|Any CPU.Build.0 = Debug|Any CPU
		{014E80D7-9DD1-7D2F-A04F-7A6EE3CB8E06}.Release|Any CPU.ActiveCfg = Release|Any CPU
		{014E80D7-9DD1-7D2F-A04F-7A6EE3CB8E06}.Release|Any CPU.Build.0 = Release|Any CPU
		{EEB6CEA2-D893-759D-9246-EB0C93C022D9}.Debug|Any CPU.ActiveCfg = Debug|Any CPU
		{EEB6CEA2-D893-759D-9246-EB0C93C022D9}.Debug|Any CPU.Build.0 = Debug|Any CPU
		{EEB6CEA2-D893-759D-9246-EB0C93C022D9}.Release|Any CPU.ActiveCfg = Release|Any CPU
		{EEB6CEA2-D893-759D-9246-EB0C93C022D9}.Release|Any CPU.Build.0 = Release|Any CPU
	EndGlobalSection
	GlobalSection(SolutionProperties) = preSolution
		HideSolutionNode = FALSE
	EndGlobalSection
EndGlobal
